// !$*UTF8*$!
{
	archiveVersion = 1;
	classes = {
	};
	objectVersion = 46;
	objects = {

/* Begin PBXBuildFile section */
		407D818C20640D010074AB9A /* OCTInstgramLayout.swift in Sources */ = {isa = PBXBuildFile; fileRef = 407D818B20640D010074AB9A /* OCTInstgramLayout.swift */; };
		40EF5DC51E94254200C14DC0 /* OCTCollectionViewCell.swift in Sources */ = {isa = PBXBuildFile; fileRef = 40EF5DC31E94254200C14DC0 /* OCTCollectionViewCell.swift */; };
		40EF5DC61E94254200C14DC0 /* OCTCollectionViewCell.xib in Resources */ = {isa = PBXBuildFile; fileRef = 40EF5DC41E94254200C14DC0 /* OCTCollectionViewCell.xib */; };
		AE4AE4961E8E744E006E9489 /* OCTAppDelegate.swift in Sources */ = {isa = PBXBuildFile; fileRef = AE4AE4951E8E744E006E9489 /* OCTAppDelegate.swift */; };
		AE4AE4981E8E744E006E9489 /* OCTMainViewController.swift in Sources */ = {isa = PBXBuildFile; fileRef = AE4AE4971E8E744E006E9489 /* OCTMainViewController.swift */; };
		AE4AE49B1E8E744E006E9489 /* Main.storyboard in Resources */ = {isa = PBXBuildFile; fileRef = AE4AE4991E8E744E006E9489 /* Main.storyboard */; };
		AE4AE49D1E8E744E006E9489 /* Assets.xcassets in Resources */ = {isa = PBXBuildFile; fileRef = AE4AE49C1E8E744E006E9489 /* Assets.xcassets */; };
		AE4AE4A01E8E744E006E9489 /* LaunchScreen.storyboard in Resources */ = {isa = PBXBuildFile; fileRef = AE4AE49E1E8E744E006E9489 /* LaunchScreen.storyboard */; };
		AE4AE4A81E8E79A4006E9489 /* OCTGalleryLayout_v1.swift in Sources */ = {isa = PBXBuildFile; fileRef = AE4AE4A71E8E79A4006E9489 /* OCTGalleryLayout_v1.swift */; };
		AECBCD771E92655F00510A56 /* OCTGalleryLayout_v2.swift in Sources */ = {isa = PBXBuildFile; fileRef = AECBCD761E92655F00510A56 /* OCTGalleryLayout_v2.swift */; };
		AECBCD791E92689C00510A56 /* OCTBaseCollectionViewLayout.swift in Sources */ = {isa = PBXBuildFile; fileRef = AECBCD781E92689C00510A56 /* OCTBaseCollectionViewLayout.swift */; };
/* End PBXBuildFile section */

/* Begin PBXFileReference section */
		407D818B20640D010074AB9A /* OCTInstgramLayout.swift */ = {isa = PBXFileReference; lastKnownFileType = sourcecode.swift; path = OCTInstgramLayout.swift; sourceTree = "<group>"; };
		40EF5DC31E94254200C14DC0 /* OCTCollectionViewCell.swift */ = {isa = PBXFileReference; fileEncoding = 4; lastKnownFileType = sourcecode.swift; path = OCTCollectionViewCell.swift; sourceTree = "<group>"; };
		40EF5DC41E94254200C14DC0 /* OCTCollectionViewCell.xib */ = {isa = PBXFileReference; fileEncoding = 4; lastKnownFileType = file.xib; path = OCTCollectionViewCell.xib; sourceTree = "<group>"; };
		AE4AE4921E8E744E006E9489 /* OCTCustomCollectionViewLayout.app */ = {isa = PBXFileReference; explicitFileType = wrapper.application; includeInIndex = 0; path = OCTCustomCollectionViewLayout.app; sourceTree = BUILT_PRODUCTS_DIR; };
		AE4AE4951E8E744E006E9489 /* OCTAppDelegate.swift */ = {isa = PBXFileReference; lastKnownFileType = sourcecode.swift; path = OCTAppDelegate.swift; sourceTree = "<group>"; };
		AE4AE4971E8E744E006E9489 /* OCTMainViewController.swift */ = {isa = PBXFileReference; lastKnownFileType = sourcecode.swift; path = OCTMainViewController.swift; sourceTree = "<group>"; };
		AE4AE49A1E8E744E006E9489 /* Base */ = {isa = PBXFileReference; lastKnownFileType = file.storyboard; name = Base; path = Base.lproj/Main.storyboard; sourceTree = "<group>"; };
		AE4AE49C1E8E744E006E9489 /* Assets.xcassets */ = {isa = PBXFileReference; lastKnownFileType = folder.assetcatalog; path = Assets.xcassets; sourceTree = "<group>"; };
		AE4AE49F1E8E744E006E9489 /* Base */ = {isa = PBXFileReference; lastKnownFileType = file.storyboard; name = Base; path = Base.lproj/LaunchScreen.storyboard; sourceTree = "<group>"; };
		AE4AE4A11E8E744E006E9489 /* Info.plist */ = {isa = PBXFileReference; lastKnownFileType = text.plist.xml; path = Info.plist; sourceTree = "<group>"; };
		AE4AE4A71E8E79A4006E9489 /* OCTGalleryLayout_v1.swift */ = {isa = PBXFileReference; fileEncoding = 4; lastKnownFileType = sourcecode.swift; path = OCTGalleryLayout_v1.swift; sourceTree = "<group>"; };
		AECBCD761E92655F00510A56 /* OCTGalleryLayout_v2.swift */ = {isa = PBXFileReference; fileEncoding = 4; lastKnownFileType = sourcecode.swift; path = OCTGalleryLayout_v2.swift; sourceTree = "<group>"; };
		AECBCD781E92689C00510A56 /* OCTBaseCollectionViewLayout.swift */ = {isa = PBXFileReference; fileEncoding = 4; lastKnownFileType = sourcecode.swift; path = OCTBaseCollectionViewLayout.swift; sourceTree = "<group>"; };
/* End PBXFileReference section */

/* Begin PBXFrameworksBuildPhase section */
		AE4AE48F1E8E744E006E9489 /* Frameworks */ = {
			isa = PBXFrameworksBuildPhase;
			buildActionMask = 2147483647;
			files = (
			);
			runOnlyForDeploymentPostprocessing = 0;
		};
/* End PBXFrameworksBuildPhase section */

/* Begin PBXGroup section */
		AE4AE4891E8E744E006E9489 = {
			isa = PBXGroup;
			children = (
				AE4AE4941E8E744E006E9489 /* OCTCustomCollectionViewLayout */,
				AE4AE4931E8E744E006E9489 /* Products */,
			);
			sourceTree = "<group>";
		};
		AE4AE4931E8E744E006E9489 /* Products */ = {
			isa = PBXGroup;
			children = (
				AE4AE4921E8E744E006E9489 /* OCTCustomCollectionViewLayout.app */,
			);
			name = Products;
			sourceTree = "<group>";
		};
		AE4AE4941E8E744E006E9489 /* OCTCustomCollectionViewLayout */ = {
			isa = PBXGroup;
			children = (
				AE4AE4951E8E744E006E9489 /* OCTAppDelegate.swift */,
				AE4AE4971E8E744E006E9489 /* OCTMainViewController.swift */,
				AECBCD781E92689C00510A56 /* OCTBaseCollectionViewLayout.swift */,
				AE4AE4A71E8E79A4006E9489 /* OCTGalleryLayout_v1.swift */,
				AECBCD761E92655F00510A56 /* OCTGalleryLayout_v2.swift */,
				407D818B20640D010074AB9A /* OCTInstgramLayout.swift */,
				40EF5DC31E94254200C14DC0 /* OCTCollectionViewCell.swift */,
				40EF5DC41E94254200C14DC0 /* OCTCollectionViewCell.xib */,
				AE4AE4991E8E744E006E9489 /* Main.storyboard */,
				AE4AE49C1E8E744E006E9489 /* Assets.xcassets */,
				AE4AE49E1E8E744E006E9489 /* LaunchScreen.storyboard */,
				AE4AE4A11E8E744E006E9489 /* Info.plist */,
			);
			path = OCTCustomCollectionViewLayout;
			sourceTree = "<group>";
		};
/* End PBXGroup section */

/* Begin PBXNativeTarget section */
		AE4AE4911E8E744E006E9489 /* OCTCustomCollectionViewLayout */ = {
			isa = PBXNativeTarget;
			buildConfigurationList = AE4AE4A41E8E744E006E9489 /* Build configuration list for PBXNativeTarget "OCTCustomCollectionViewLayout" */;
			buildPhases = (
				AE4AE48E1E8E744E006E9489 /* Sources */,
				AE4AE48F1E8E744E006E9489 /* Frameworks */,
				AE4AE4901E8E744E006E9489 /* Resources */,
			);
			buildRules = (
			);
			dependencies = (
			);
			name = OCTCustomCollectionViewLayout;
			productName = OCTCustomCollectionViewLayout;
			productReference = AE4AE4921E8E744E006E9489 /* OCTCustomCollectionViewLayout.app */;
			productType = "com.apple.product-type.application";
		};
/* End PBXNativeTarget section */

/* Begin PBXProject section */
		AE4AE48A1E8E744E006E9489 /* Project object */ = {
			isa = PBXProject;
			attributes = {
				LastSwiftUpdateCheck = 0830;
				LastUpgradeCheck = 0920;
				ORGANIZATIONNAME = dmitry.brovkin;
				TargetAttributes = {
					AE4AE4911E8E744E006E9489 = {
						CreatedOnToolsVersion = 8.3;
						LastSwiftMigration = 0920;
						ProvisioningStyle = Automatic;
					};
				};
			};
			buildConfigurationList = AE4AE48D1E8E744E006E9489 /* Build configuration list for PBXProject "OCTCustomCollectionViewLayout" */;
			compatibilityVersion = "Xcode 3.2";
			developmentRegion = English;
			hasScannedForEncodings = 0;
			knownRegions = (
				en,
				Base,
			);
			mainGroup = AE4AE4891E8E744E006E9489;
			productRefGroup = AE4AE4931E8E744E006E9489 /* Products */;
			projectDirPath = "";
			projectRoot = "";
			targets = (
				AE4AE4911E8E744E006E9489 /* OCTCustomCollectionViewLayout */,
			);
		};
/* End PBXProject section */

/* Begin PBXResourcesBuildPhase section */
		AE4AE4901E8E744E006E9489 /* Resources */ = {
			isa = PBXResourcesBuildPhase;
			buildActionMask = 2147483647;
			files = (
				AE4AE4A01E8E744E006E9489 /* LaunchScreen.storyboard in Resources */,
				AE4AE49D1E8E744E006E9489 /* Assets.xcassets in Resources */,
				AE4AE49B1E8E744E006E9489 /* Main.storyboard in Resources */,
				40EF5DC61E94254200C14DC0 /* OCTCollectionViewCell.xib in Resources */,
			);
			runOnlyForDeploymentPostprocessing = 0;
		};
/* End PBXResourcesBuildPhase section */

/* Begin PBXSourcesBuildPhase section */
		AE4AE48E1E8E744E006E9489 /* Sources */ = {
			isa = PBXSourcesBuildPhase;
			buildActionMask = 2147483647;
			files = (
				AE4AE4981E8E744E006E9489 /* OCTMainViewController.swift in Sources */,
				AE4AE4961E8E744E006E9489 /* OCTAppDelegate.swift in Sources */,
				AECBCD771E92655F00510A56 /* OCTGalleryLayout_v2.swift in Sources */,
				40EF5DC51E94254200C14DC0 /* OCTCollectionViewCell.swift in Sources */,
				407D818C20640D010074AB9A /* OCTInstgramLayout.swift in Sources */,
				AECBCD791E92689C00510A56 /* OCTBaseCollectionViewLayout.swift in Sources */,
				AE4AE4A81E8E79A4006E9489 /* OCTGalleryLayout_v1.swift in Sources */,
			);
			runOnlyForDeploymentPostprocessing = 0;
		};
/* End PBXSourcesBuildPhase section */

/* Begin PBXVariantGroup section */
		AE4AE4991E8E744E006E9489 /* Main.storyboard */ = {
			isa = PBXVariantGroup;
			children = (
				AE4AE49A1E8E744E006E9489 /* Base */,
			);
			name = Main.storyboard;
			sourceTree = "<group>";
		};
		AE4AE49E1E8E744E006E9489 /* LaunchScreen.storyboard */ = {
			isa = PBXVariantGroup;
			children = (
				AE4AE49F1E8E744E006E9489 /* Base */,
			);
			name = LaunchScreen.storyboard;
			sourceTree = "<group>";
		};
/* End PBXVariantGroup section */

/* Begin XCBuildConfiguration section */
		AE4AE4A21E8E744E006E9489 /* Debug */ = {
			isa = XCBuildConfiguration;
			buildSettings = {
				ALWAYS_SEARCH_USER_PATHS = NO;
				CLANG_ANALYZER_NONNULL = YES;
				CLANG_ANALYZER_NUMBER_OBJECT_CONVERSION = YES_AGGRESSIVE;
				CLANG_CXX_LANGUAGE_STANDARD = "gnu++0x";
				CLANG_CXX_LIBRARY = "libc++";
				CLANG_ENABLE_MODULES = YES;
				CLANG_ENABLE_OBJC_ARC = YES;
				CLANG_WARN_BLOCK_CAPTURE_AUTORELEASING = YES;
				CLANG_WARN_BOOL_CONVERSION = YES;
				CLANG_WARN_COMMA = YES;
				CLANG_WARN_CONSTANT_CONVERSION = YES;
				CLANG_WARN_DIRECT_OBJC_ISA_USAGE = YES_ERROR;
				CLANG_WARN_DOCUMENTATION_COMMENTS = YES;
				CLANG_WARN_EMPTY_BODY = YES;
				CLANG_WARN_ENUM_CONVERSION = YES;
				CLANG_WARN_INFINITE_RECURSION = YES;
				CLANG_WARN_INT_CONVERSION = YES;
				CLANG_WARN_NON_LITERAL_NULL_CONVERSION = YES;
				CLANG_WARN_OBJC_LITERAL_CONVERSION = YES;
				CLANG_WARN_OBJC_ROOT_CLASS = YES_ERROR;
				CLANG_WARN_RANGE_LOOP_ANALYSIS = YES;
				CLANG_WARN_STRICT_PROTOTYPES = YES;
				CLANG_WARN_SUSPICIOUS_MOVE = YES;
				CLANG_WARN_UNREACHABLE_CODE = YES;
				CLANG_WARN__DUPLICATE_METHOD_MATCH = YES;
				"CODE_SIGN_IDENTITY[sdk=iphoneos*]" = "iPhone Developer";
				COPY_PHASE_STRIP = NO;
				DEBUG_INFORMATION_FORMAT = dwarf;
				ENABLE_STRICT_OBJC_MSGSEND = YES;
				ENABLE_TESTABILITY = YES;
				GCC_C_LANGUAGE_STANDARD = gnu99;
				GCC_DYNAMIC_NO_PIC = NO;
				GCC_NO_COMMON_BLOCKS = YES;
				GCC_OPTIMIZATION_LEVEL = 0;
				GCC_PREPROCESSOR_DEFINITIONS = (
					"DEBUG=1",
					"$(inherited)",
				);
				GCC_WARN_64_TO_32_BIT_CONVERSION = YES;
				GCC_WARN_ABOUT_RETURN_TYPE = YES_ERROR;
				GCC_WARN_UNDECLARED_SELECTOR = YES;
				GCC_WARN_UNINITIALIZED_AUTOS = YES_AGGRESSIVE;
				GCC_WARN_UNUSED_FUNCTION = YES;
				GCC_WARN_UNUSED_VARIABLE = YES;
				IPHONEOS_DEPLOYMENT_TARGET = 10.3;
				MTL_ENABLE_DEBUG_INFO = YES;
				ONLY_ACTIVE_ARCH = YES;
				SDKROOT = iphoneos;
				SWIFT_ACTIVE_COMPILATION_CONDITIONS = DEBUG;
				SWIFT_OPTIMIZATION_LEVEL = "-Onone";
				TARGETED_DEVICE_FAMILY = "1,2";
			};
			name = Debug;
		};
		AE4AE4A31E8E744E006E9489 /* Release */ = {
			isa = XCBuildConfiguration;
			buildSettings = {
				ALWAYS_SEARCH_USER_PATHS = NO;
				CLANG_ANALYZER_NONNULL = YES;
				CLANG_ANALYZER_NUMBER_OBJECT_CONVERSION = YES_AGGRESSIVE;
				CLANG_CXX_LANGUAGE_STANDARD = "gnu++0x";
				CLANG_CXX_LIBRARY = "libc++";
				CLANG_ENABLE_MODULES = YES;
				CLANG_ENABLE_OBJC_ARC = YES;
				CLANG_WARN_BLOCK_CAPTURE_AUTORELEASING = YES;
				CLANG_WARN_BOOL_CONVERSION = YES;
				CLANG_WARN_COMMA = YES;
				CLANG_WARN_CONSTANT_CONVERSION = YES;
				CLANG_WARN_DIRECT_OBJC_ISA_USAGE = YES_ERROR;
				CLANG_WARN_DOCUMENTATION_COMMENTS = YES;
				CLANG_WARN_EMPTY_BODY = YES;
				CLANG_WARN_ENUM_CONVERSION = YES;
				CLANG_WARN_INFINITE_RECURSION = YES;
				CLANG_WARN_INT_CONVERSION = YES;
				CLANG_WARN_NON_LITERAL_NULL_CONVERSION = YES;
				CLANG_WARN_OBJC_LITERAL_CONVERSION = YES;
				CLANG_WARN_OBJC_ROOT_CLASS = YES_ERROR;
				CLANG_WARN_RANGE_LOOP_ANALYSIS = YES;
				CLANG_WARN_STRICT_PROTOTYPES = YES;
				CLANG_WARN_SUSPICIOUS_MOVE = YES;
				CLANG_WARN_UNREACHABLE_CODE = YES;
				CLANG_WARN__DUPLICATE_METHOD_MATCH = YES;
				"CODE_SIGN_IDENTITY[sdk=iphoneos*]" = "iPhone Developer";
				COPY_PHASE_STRIP = NO;
				DEBUG_INFORMATION_FORMAT = "dwarf-with-dsym";
				ENABLE_NS_ASSERTIONS = NO;
				ENABLE_STRICT_OBJC_MSGSEND = YES;
				GCC_C_LANGUAGE_STANDARD = gnu99;
				GCC_NO_COMMON_BLOCKS = YES;
				GCC_WARN_64_TO_32_BIT_CONVERSION = YES;
				GCC_WARN_ABOUT_RETURN_TYPE = YES_ERROR;
				GCC_WARN_UNDECLARED_SELECTOR = YES;
				GCC_WARN_UNINITIALIZED_AUTOS = YES_AGGRESSIVE;
				GCC_WARN_UNUSED_FUNCTION = YES;
				GCC_WARN_UNUSED_VARIABLE = YES;
				IPHONEOS_DEPLOYMENT_TARGET = 10.3;
				MTL_ENABLE_DEBUG_INFO = NO;
				SDKROOT = iphoneos;
				SWIFT_OPTIMIZATION_LEVEL = "-Owholemodule";
				TARGETED_DEVICE_FAMILY = "1,2";
				VALIDATE_PRODUCT = YES;
			};
			name = Release;
		};
		AE4AE4A51E8E744E006E9489 /* Debug */ = {
			isa = XCBuildConfiguration;
			buildSettings = {
				ASSETCATALOG_COMPILER_APPICON_NAME = AppIcon;
				INFOPLIST_FILE = OCTCustomCollectionViewLayout/Info.plist;
				LD_RUNPATH_SEARCH_PATHS = "$(inherited) @executable_path/Frameworks";
				PRODUCT_BUNDLE_IDENTIFIER = Octodev.OCTCustomCollectionViewLayout;
				PRODUCT_NAME = "$(TARGET_NAME)";
				SWIFT_SWIFT3_OBJC_INFERENCE = On;
				SWIFT_VERSION = 4.0;
			};
			name = Debug;
		};
		AE4AE4A61E8E744E006E9489 /* Release */ = {
			isa = XCBuildConfiguration;
			buildSettings = {
				ASSETCATALOG_COMPILER_APPICON_NAME = AppIcon;
				INFOPLIST_FILE = OCTCustomCollectionViewLayout/Info.plist;
				LD_RUNPATH_SEARCH_PATHS = "$(inherited) @executable_path/Frameworks";
				PRODUCT_BUNDLE_IDENTIFIER = Octodev.OCTCustomCollectionViewLayout;
				PRODUCT_NAME = "$(TARGET_NAME)";
				SWIFT_SWIFT3_OBJC_INFERENCE = On;
				SWIFT_VERSION = 4.0;
			};
			name = Release;
		};
/* End XCBuildConfiguration section */

/* Begin XCConfigurationList section */
		AE4AE48D1E8E744E006E9489 /* Build configuration list for PBXProject "OCTCustomCollectionViewLayout" */ = {
			isa = XCConfigurationList;
			buildConfigurations = (
				AE4AE4A21E8E744E006E9489 /* Debug */,
				AE4AE4A31E8E744E006E9489 /* Release */,
			);
			defaultConfigurationIsVisible = 0;
			defaultConfigurationName = Release;
		};
		AE4AE4A41E8E744E006E9489 /* Build configuration list for PBXNativeTarget "OCTCustomCollectionViewLayout" */ = {
			isa = XCConfigurationList;
			buildConfigurations = (
				AE4AE4A51E8E744E006E9489 /* Debug */,
				AE4AE4A61E8E744E006E9489 /* Release */,
			);
			defaultConfigurationIsVisible = 0;
			defaultConfigurationName = Release;
		};
/* End XCConfigurationList section */
	};
	rootObject = AE4AE48A1E8E744E006E9489 /* Project object */;
}
